
Microsoft Visual Studio Solution File, Format Version 12.00
# Visual Studio Version 17
VisualStudioVersion = 17.0.31903.59
MinimumVisualStudioVersion = 10.0.40219.1
Project("{FAE04EC0-301F-11D3-BF4B-00C04F79EFBC}") = "HotelServiceManagement.Api", "HotelServiceManagement.Api\HotelServiceManagement.Api.csproj", "{DE760D26-622F-4FE5-93CD-A0E5DE93CA6D}"
EndProject
Project("{FAE04EC0-301F-11D3-BF4B-00C04F79EFBC}") = "HotelServiceManagement.Application", "HotelServiceManagement.Application\HotelServiceManagement.Application.csproj", "{4B3AD6F5-836F-462D-B546-51F38E96C458}"
EndProject
Project("{FAE04EC0-301F-11D3-BF4B-00C04F79EFBC}") = "HotelServiceManagement.Domain", "HotelServiceManagement.Domain\HotelServiceManagement.Domain.csproj", "{DDF0CD48-E3C5-4D35-9F1B-542037491A3F}"
EndProject
Project("{FAE04EC0-301F-11D3-BF4B-00C04F79EFBC}") = "HotelServiceManagement.Infrastructure", "HotelServiceManagement.Infrastructure\HotelServiceManagement.Infrastructure.csproj", "{5FF48F61-EAE0-408D-81A1-546F3991AE0E}"
EndProject
Global
	GlobalSection(SolutionConfigurationPlatforms) = preSolution
		Debug|Any CPU = Debug|Any CPU
		Debug|x64 = Debug|x64
		Debug|x86 = Debug|x86
		Release|Any CPU = Release|Any CPU
		Release|x64 = Release|x64
		Release|x86 = Release|x86
	EndGlobalSection
	GlobalSection(ProjectConfigurationPlatforms) = postSolution
		{DE760D26-622F-4FE5-93CD-A0E5DE93CA6D}.Debug|Any CPU.ActiveCfg = Debug|Any CPU
		{DE760D26-622F-4FE5-93CD-A0E5DE93CA6D}.Debug|Any CPU.Build.0 = Debug|Any CPU
		{DE760D26-622F-4FE5-93CD-A0E5DE93CA6D}.Debug|x64.ActiveCfg = Debug|Any CPU
		{DE760D26-622F-4FE5-93CD-A0E5DE93CA6D}.Debug|x64.Build.0 = Debug|Any CPU
		{DE760D26-622F-4FE5-93CD-A0E5DE93CA6D}.Debug|x86.ActiveCfg = Debug|Any CPU
		{DE760D26-622F-4FE5-93CD-A0E5DE93CA6D}.Debug|x86.Build.0 = Debug|Any CPU
		{DE760D26-622F-4FE5-93CD-A0E5DE93CA6D}.Release|Any CPU.ActiveCfg = Release|Any CPU
		{DE760D26-622F-4FE5-93CD-A0E5DE93CA6D}.Release|Any CPU.Build.0 = Release|Any CPU
		{DE760D26-622F-4FE5-93CD-A0E5DE93CA6D}.Release|x64.ActiveCfg = Release|Any CPU
		{DE760D26-622F-4FE5-93CD-A0E5DE93CA6D}.Release|x64.Build.0 = Release|Any CPU
		{DE760D26-622F-4FE5-93CD-A0E5DE93CA6D}.Release|x86.ActiveCfg = Release|Any CPU
		{DE760D26-622F-4FE5-93CD-A0E5DE93CA6D}.Release|x86.Build.0 = Release|Any CPU
		{4B3AD6F5-836F-462D-B546-51F38E96C458}.Debug|Any CPU.ActiveCfg = Debug|Any CPU
		{4B3AD6F5-836F-462D-B546-51F38E96C458}.Debug|Any CPU.Build.0 = Debug|Any CPU
		{4B3AD6F5-836F-462D-B546-51F38E96C458}.Debug|x64.ActiveCfg = Debug|Any CPU
		{4B3AD6F5-836F-462D-B546-51F38E96C458}.Debug|x64.Build.0 = Debug|Any CPU
		{4B3AD6F5-836F-462D-B546-51F38E96C458}.Debug|x86.ActiveCfg = Debug|Any CPU
		{4B3AD6F5-836F-462D-B546-51F38E96C458}.Debug|x86.Build.0 = Debug|Any CPU
		{4B3AD6F5-836F-462D-B546-51F38E96C458}.Release|Any CPU.ActiveCfg = Release|Any CPU
		{4B3AD6F5-836F-462D-B546-51F38E96C458}.Release|Any CPU.Build.0 = Release|Any CPU
		{4B3AD6F5-836F-462D-B546-51F38E96C458}.Release|x64.ActiveCfg = Release|Any CPU
		{4B3AD6F5-836F-462D-B546-51F38E96C458}.Release|x64.Build.0 = Release|Any CPU
		{4B3AD6F5-836F-462D-B546-51F38E96C458}.Release|x86.ActiveCfg = Release|Any CPU
		{4B3AD6F5-836F-462D-B546-51F38E96C458}.Release|x86.Build.0 = Release|Any CPU
		{DDF0CD48-E3C5-4D35-9F1B-542037491A3F}.Debug|Any CPU.ActiveCfg = Debug|Any CPU
		{DDF0CD48-E3C5-4D35-9F1B-542037491A3F}.Debug|Any CPU.Build.0 = Debug|Any CPU
		{DDF0CD48-E3C5-4D35-9F1B-542037491A3F}.Debug|x64.ActiveCfg = Debug|Any CPU
		{DDF0CD48-E3C5-4D35-9F1B-542037491A3F}.Debug|x64.Build.0 = Debug|Any CPU
		{DDF0CD48-E3C5-4D35-9F1B-542037491A3F}.Debug|x86.ActiveCfg = Debug|Any CPU
		{DDF0CD48-E3C5-4D35-9F1B-542037491A3F}.Debug|x86.Build.0 = Debug|Any CPU
		{DDF0CD48-E3C5-4D35-9F1B-542037491A3F}.Release|Any CPU.ActiveCfg = Release|Any CPU
		{DDF0CD48-E3C5-4D35-9F1B-542037491A3F}.Release|Any CPU.Build.0 = Release|Any CPU
		{DDF0CD48-E3C5-4D35-9F1B-542037491A3F}.Release|x64.ActiveCfg = Release|Any CPU
		{DDF0CD48-E3C5-4D35-9F1B-542037491A3F}.Release|x64.Build.0 = Release|Any CPU
		{DDF0CD48-E3C5-4D35-9F1B-542037491A3F}.Release|x86.ActiveCfg = Release|Any CPU
		{DDF0CD48-E3C5-4D35-9F1B-542037491A3F}.Release|x86.Build.0 = Release|Any CPU
		{5FF48F61-EAE0-408D-81A1-546F3991AE0E}.Debug|Any CPU.ActiveCfg = Debug|Any CPU
		{5FF48F61-EAE0-408D-81A1-546F3991AE0E}.Debug|Any CPU.Build.0 = Debug|Any CPU
		{5FF48F61-EAE0-408D-81A1-546F3991AE0E}.Debug|x64.ActiveCfg = Debug|Any CPU
		{5FF48F61-EAE0-408D-81A1-546F3991AE0E}.Debug|x64.Build.0 = Debug|Any CPU
		{5FF48F61-EAE0-408D-81A1-546F3991AE0E}.Debug|x86.ActiveCfg = Debug|Any CPU
		{5FF48F61-EAE0-408D-81A1-546F3991AE0E}.Debug|x86.Build.0 = Debug|Any CPU
		{5FF48F61-EAE0-408D-81A1-546F3991AE0E}.Release|Any CPU.ActiveCfg = Release|Any CPU
		{5FF48F61-EAE0-408D-81A1-546F3991AE0E}.Release|Any CPU.Build.0 = Release|Any CPU
		{5FF48F61-EAE0-408D-81A1-546F3991AE0E}.Release|x64.ActiveCfg = Release|Any CPU
		{5FF48F61-EAE0-408D-81A1-546F3991AE0E}.Release|x64.Build.0 = Release|Any CPU
		{5FF48F61-EAE0-408D-81A1-546F3991AE0E}.Release|x86.ActiveCfg = Release|Any CPU
		{5FF48F61-EAE0-408D-81A1-546F3991AE0E}.Release|x86.Build.0 = Release|Any CPU
	EndGlobalSection
	GlobalSection(SolutionProperties) = preSolution
		HideSolutionNode = FALSE
	EndGlobalSection
EndGlobal
