
Microsoft Visual Studio Solution File, Format Version 12.00
# Visual Studio Version 17
VisualStudioVersion = 17.0.31903.59
MinimumVisualStudioVersion = 10.0.40219.1
Project("{FAE04EC0-301F-11D3-BF4B-00C04F79EFBC}") = "HotelServiceManagement.Api", "HotelServiceManagement.Api\HotelServiceManagement.Api.csproj", "{7F932CCD-D6C0-4BEA-B31F-6DBF818A6DF0}"
EndProject
Project("{FAE04EC0-301F-11D3-BF4B-00C04F79EFBC}") = "HotelServiceManagement.Application", "HotelServiceManagement.Application\HotelServiceManagement.Application.csproj", "{3D30B02F-C188-47AD-9D21-FD161B83EDED}"
EndProject
Project("{FAE04EC0-301F-11D3-BF4B-00C04F79EFBC}") = "HotelServiceManagement.Domain", "HotelServiceManagement.Domain\HotelServiceManagement.Domain.csproj", "{8C20F2F7-20D1-4E46-9D1C-1FBB1E992110}"
EndProject
Project("{FAE04EC0-301F-11D3-BF4B-00C04F79EFBC}") = "HotelServiceManagement.Infrastructure", "HotelServiceManagement.Infrastructure\HotelServiceManagement.Infrastructure.csproj", "{C772FF54-D0DC-477C-80E3-02E2EDB6E9F6}"
EndProject
Project("{FAE04EC0-301F-11D3-BF4B-00C04F79EFBC}") = "HotelServiceManagement.Tests", "HotelServiceManagement.Tests\HotelServiceManagement.Tests.csproj", "{83644EF5-3F9B-49BB-A85C-F7BB7CE2148F}"
EndProject
Global
	GlobalSection(SolutionConfigurationPlatforms) = preSolution
		Debug|Any CPU = Debug|Any CPU
		Debug|x64 = Debug|x64
		Debug|x86 = Debug|x86
		Release|Any CPU = Release|Any CPU
		Release|x64 = Release|x64
		Release|x86 = Release|x86
	EndGlobalSection
	GlobalSection(ProjectConfigurationPlatforms) = postSolution
		{7F932CCD-D6C0-4BEA-B31F-6DBF818A6DF0}.Debug|Any CPU.ActiveCfg = Debug|Any CPU
		{7F932CCD-D6C0-4BEA-B31F-6DBF818A6DF0}.Debug|Any CPU.Build.0 = Debug|Any CPU
		{7F932CCD-D6C0-4BEA-B31F-6DBF818A6DF0}.Debug|x64.ActiveCfg = Debug|Any CPU
		{7F932CCD-D6C0-4BEA-B31F-6DBF818A6DF0}.Debug|x64.Build.0 = Debug|Any CPU
		{7F932CCD-D6C0-4BEA-B31F-6DBF818A6DF0}.Debug|x86.ActiveCfg = Debug|Any CPU
		{7F932CCD-D6C0-4BEA-B31F-6DBF818A6DF0}.Debug|x86.Build.0 = Debug|Any CPU
		{7F932CCD-D6C0-4BEA-B31F-6DBF818A6DF0}.Release|Any CPU.ActiveCfg = Release|Any CPU
		{7F932CCD-D6C0-4BEA-B31F-6DBF818A6DF0}.Release|Any CPU.Build.0 = Release|Any CPU
		{7F932CCD-D6C0-4BEA-B31F-6DBF818A6DF0}.Release|x64.ActiveCfg = Release|Any CPU
		{7F932CCD-D6C0-4BEA-B31F-6DBF818A6DF0}.Release|x64.Build.0 = Release|Any CPU
		{7F932CCD-D6C0-4BEA-B31F-6DBF818A6DF0}.Release|x86.ActiveCfg = Release|Any CPU
		{7F932CCD-D6C0-4BEA-B31F-6DBF818A6DF0}.Release|x86.Build.0 = Release|Any CPU
		{3D30B02F-C188-47AD-9D21-FD161B83EDED}.Debug|Any CPU.ActiveCfg = Debug|Any CPU
		{3D30B02F-C188-47AD-9D21-FD161B83EDED}.Debug|Any CPU.Build.0 = Debug|Any CPU
		{3D30B02F-C188-47AD-9D21-FD161B83EDED}.Debug|x64.ActiveCfg = Debug|Any CPU
		{3D30B02F-C188-47AD-9D21-FD161B83EDED}.Debug|x64.Build.0 = Debug|Any CPU
		{3D30B02F-C188-47AD-9D21-FD161B83EDED}.Debug|x86.ActiveCfg = Debug|Any CPU
		{3D30B02F-C188-47AD-9D21-FD161B83EDED}.Debug|x86.Build.0 = Debug|Any CPU
		{3D30B02F-C188-47AD-9D21-FD161B83EDED}.Release|Any CPU.ActiveCfg = Release|Any CPU
		{3D30B02F-C188-47AD-9D21-FD161B83EDED}.Release|Any CPU.Build.0 = Release|Any CPU
		{3D30B02F-C188-47AD-9D21-FD161B83EDED}.Release|x64.ActiveCfg = Release|Any CPU
		{3D30B02F-C188-47AD-9D21-FD161B83EDED}.Release|x64.Build.0 = Release|Any CPU
		{3D30B02F-C188-47AD-9D21-FD161B83EDED}.Release|x86.ActiveCfg = Release|Any CPU
		{3D30B02F-C188-47AD-9D21-FD161B83EDED}.Release|x86.Build.0 = Release|Any CPU
		{8C20F2F7-20D1-4E46-9D1C-1FBB1E992110}.Debug|Any CPU.ActiveCfg = Debug|Any CPU
		{8C20F2F7-20D1-4E46-9D1C-1FBB1E992110}.Debug|Any CPU.Build.0 = Debug|Any CPU
		{8C20F2F7-20D1-4E46-9D1C-1FBB1E992110}.Debug|x64.ActiveCfg = Debug|Any CPU
		{8C20F2F7-20D1-4E46-9D1C-1FBB1E992110}.Debug|x64.Build.0 = Debug|Any CPU
		{8C20F2F7-20D1-4E46-9D1C-1FBB1E992110}.Debug|x86.ActiveCfg = Debug|Any CPU
		{8C20F2F7-20D1-4E46-9D1C-1FBB1E992110}.Debug|x86.Build.0 = Debug|Any CPU
		{8C20F2F7-20D1-4E46-9D1C-1FBB1E992110}.Release|Any CPU.ActiveCfg = Release|Any CPU
		{8C20F2F7-20D1-4E46-9D1C-1FBB1E992110}.Release|Any CPU.Build.0 = Release|Any CPU
		{8C20F2F7-20D1-4E46-9D1C-1FBB1E992110}.Release|x64.ActiveCfg = Release|Any CPU
		{8C20F2F7-20D1-4E46-9D1C-1FBB1E992110}.Release|x64.Build.0 = Release|Any CPU
		{8C20F2F7-20D1-4E46-9D1C-1FBB1E992110}.Release|x86.ActiveCfg = Release|Any CPU
		{8C20F2F7-20D1-4E46-9D1C-1FBB1E992110}.Release|x86.Build.0 = Release|Any CPU
		{C772FF54-D0DC-477C-80E3-02E2EDB6E9F6}.Debug|Any CPU.ActiveCfg = Debug|Any CPU
		{C772FF54-D0DC-477C-80E3-02E2EDB6E9F6}.Debug|Any CPU.Build.0 = Debug|Any CPU
		{C772FF54-D0DC-477C-80E3-02E2EDB6E9F6}.Debug|x64.ActiveCfg = Debug|Any CPU
		{C772FF54-D0DC-477C-80E3-02E2EDB6E9F6}.Debug|x64.Build.0 = Debug|Any CPU
		{C772FF54-D0DC-477C-80E3-02E2EDB6E9F6}.Debug|x86.ActiveCfg = Debug|Any CPU
		{C772FF54-D0DC-477C-80E3-02E2EDB6E9F6}.Debug|x86.Build.0 = Debug|Any CPU
		{C772FF54-D0DC-477C-80E3-02E2EDB6E9F6}.Release|Any CPU.ActiveCfg = Release|Any CPU
		{C772FF54-D0DC-477C-80E3-02E2EDB6E9F6}.Release|Any CPU.Build.0 = Release|Any CPU
		{C772FF54-D0DC-477C-80E3-02E2EDB6E9F6}.Release|x64.ActiveCfg = Release|Any CPU
		{C772FF54-D0DC-477C-80E3-02E2EDB6E9F6}.Release|x64.Build.0 = Release|Any CPU
		{C772FF54-D0DC-477C-80E3-02E2EDB6E9F6}.Release|x86.ActiveCfg = Release|Any CPU
		{C772FF54-D0DC-477C-80E3-02E2EDB6E9F6}.Release|x86.Build.0 = Release|Any CPU
		{83644EF5-3F9B-49BB-A85C-F7BB7CE2148F}.Debug|Any CPU.ActiveCfg = Debug|Any CPU
		{83644EF5-3F9B-49BB-A85C-F7BB7CE2148F}.Debug|Any CPU.Build.0 = Debug|Any CPU
		{83644EF5-3F9B-49BB-A85C-F7BB7CE2148F}.Debug|x64.ActiveCfg = Debug|Any CPU
		{83644EF5-3F9B-49BB-A85C-F7BB7CE2148F}.Debug|x64.Build.0 = Debug|Any CPU
		{83644EF5-3F9B-49BB-A85C-F7BB7CE2148F}.Debug|x86.ActiveCfg = Debug|Any CPU
		{83644EF5-3F9B-49BB-A85C-F7BB7CE2148F}.Debug|x86.Build.0 = Debug|Any CPU
		{83644EF5-3F9B-49BB-A85C-F7BB7CE2148F}.Release|Any CPU.ActiveCfg = Release|Any CPU
		{83644EF5-3F9B-49BB-A85C-F7BB7CE2148F}.Release|Any CPU.Build.0 = Release|Any CPU
		{83644EF5-3F9B-49BB-A85C-F7BB7CE2148F}.Release|x64.ActiveCfg = Release|Any CPU
		{83644EF5-3F9B-49BB-A85C-F7BB7CE2148F}.Release|x64.Build.0 = Release|Any CPU
		{83644EF5-3F9B-49BB-A85C-F7BB7CE2148F}.Release|x86.ActiveCfg = Release|Any CPU
		{83644EF5-3F9B-49BB-A85C-F7BB7CE2148F}.Release|x86.Build.0 = Release|Any CPU
	EndGlobalSection
	GlobalSection(SolutionProperties) = preSolution
		HideSolutionNode = FALSE
	EndGlobalSection
EndGlobal
